
Microsoft Visual Studio Solution File, Format Version 12.00
Project("{FAE04EC0-301F-11D3-BF4B-00C04F79EFBC}") = "InfiniteEverything", "InfiniteEverything.csproj", "{4040AB56-10AC-4A54-9E39-895FBE4EEB45}"
EndProject
Global
	GlobalSection(SolutionConfigurationPlatforms) = preSolution
		Debug|Any CPU = Debug|Any CPU
		Release|Any CPU = Release|Any CPU
	EndGlobalSection
	GlobalSection(ProjectConfigurationPlatforms) = postSolution
		{4040AB56-10AC-4A54-9E39-895FBE4EEB45}.Debug|Any CPU.ActiveCfg = Debug|Any CPU
		{4040AB56-10AC-4A54-9E39-895FBE4EEB45}.Debug|Any CPU.Build.0 = Debug|Any CPU
		{4040AB56-10AC-4A54-9E39-895FBE4EEB45}.Release|Any CPU.ActiveCfg = Release|Any CPU
		{4040AB56-10AC-4A54-9E39-895FBE4EEB45}.Release|Any CPU.Build.0 = Release|Any CPU
	EndGlobalSection
EndGlobal
